
Microsoft Visual Studio Solution File, Format Version 12.00
# Visual Studio Version 17
VisualStudioVersion = 17.4.33213.308
MinimumVisualStudioVersion = 10.0.40219.1
Project("{FAE04EC0-301F-11D3-BF4B-00C04F79EFBC}") = "CapaDatos", "CapaDatos\CapaDatos.csproj", "{AA38D049-34D9-4BBA-827B-C3527CA8E977}"
EndProject
Project("{FAE04EC0-301F-11D3-BF4B-00C04F79EFBC}") = "CapaNegocios", "CapaNegocios\CapaNegocios.csproj", "{69BD822D-F7F3-44E6-95B3-0F45F6CB012B}"
EndProject
Project("{FAE04EC0-301F-11D3-BF4B-00C04F79EFBC}") = "CapaPresentacion", "CapaPresentacion\CapaPresentacion.csproj", "{328A5F37-98D6-4E64-8EEB-F31B83FBF067}"
EndProject
Project("{FAE04EC0-301F-11D3-BF4B-00C04F79EFBC}") = "CapaEntidades", "CapaEntidades\CapaEntidades.csproj", "{CCD322BA-6A78-4DA3-A874-0DDF85B39D62}"
EndProject
Global
	GlobalSection(SolutionConfigurationPlatforms) = preSolution
		Debug|Any CPU = Debug|Any CPU
		Release|Any CPU = Release|Any CPU
	EndGlobalSection
	GlobalSection(ProjectConfigurationPlatforms) = postSolution
		{AA38D049-34D9-4BBA-827B-C3527CA8E977}.Debug|Any CPU.ActiveCfg = Debug|Any CPU
		{AA38D049-34D9-4BBA-827B-C3527CA8E977}.Debug|Any CPU.Build.0 = Debug|Any CPU
		{AA38D049-34D9-4BBA-827B-C3527CA8E977}.Release|Any CPU.ActiveCfg = Release|Any CPU
		{AA38D049-34D9-4BBA-827B-C3527CA8E977}.Release|Any CPU.Build.0 = Release|Any CPU
		{69BD822D-F7F3-44E6-95B3-0F45F6CB012B}.Debug|Any CPU.ActiveCfg = Debug|Any CPU
		{69BD822D-F7F3-44E6-95B3-0F45F6CB012B}.Debug|Any CPU.Build.0 = Debug|Any CPU
		{69BD822D-F7F3-44E6-95B3-0F45F6CB012B}.Release|Any CPU.ActiveCfg = Release|Any CPU
		{69BD822D-F7F3-44E6-95B3-0F45F6CB012B}.Release|Any CPU.Build.0 = Release|Any CPU
		{328A5F37-98D6-4E64-8EEB-F31B83FBF067}.Debug|Any CPU.ActiveCfg = Debug|Any CPU
		{328A5F37-98D6-4E64-8EEB-F31B83FBF067}.Debug|Any CPU.Build.0 = Debug|Any CPU
		{328A5F37-98D6-4E64-8EEB-F31B83FBF067}.Release|Any CPU.ActiveCfg = Release|Any CPU
		{328A5F37-98D6-4E64-8EEB-F31B83FBF067}.Release|Any CPU.Build.0 = Release|Any CPU
		{CCD322BA-6A78-4DA3-A874-0DDF85B39D62}.Debug|Any CPU.ActiveCfg = Debug|Any CPU
		{CCD322BA-6A78-4DA3-A874-0DDF85B39D62}.Debug|Any CPU.Build.0 = Debug|Any CPU
		{CCD322BA-6A78-4DA3-A874-0DDF85B39D62}.Release|Any CPU.ActiveCfg = Release|Any CPU
		{CCD322BA-6A78-4DA3-A874-0DDF85B39D62}.Release|Any CPU.Build.0 = Release|Any CPU
	EndGlobalSection
	GlobalSection(SolutionProperties) = preSolution
		HideSolutionNode = FALSE
	EndGlobalSection
	GlobalSection(ExtensibilityGlobals) = postSolution
		SolutionGuid = {73E44288-E4F7-4A20-85B2-FDE782A76B5A}
	EndGlobalSection
EndGlobal
